
Microsoft Visual Studio Solution File, Format Version 12.00
# Visual Studio Version 17
VisualStudioVersion = 17.10.35027.167
MinimumVisualStudioVersion = 10.0.40219.1
Project("{FAE04EC0-301F-11D3-BF4B-00C04F79EFBC}") = "backend", "backend\backend.csproj", "{F7260619-87A3-4DE8-AEF2-DF1D86E9E79E}"
EndProject
Global
	GlobalSection(SolutionConfigurationPlatforms) = preSolution
		Debug|Any CPU = Debug|Any CPU
		Release|Any CPU = Release|Any CPU
	EndGlobalSection
	GlobalSection(ProjectConfigurationPlatforms) = postSolution
		{F7260619-87A3-4DE8-AEF2-DF1D86E9E79E}.Debug|Any CPU.ActiveCfg = Debug|Any CPU
		{F7260619-87A3-4DE8-AEF2-DF1D86E9E79E}.Debug|Any CPU.Build.0 = Debug|Any CPU
		{F7260619-87A3-4DE8-AEF2-DF1D86E9E79E}.Release|Any CPU.ActiveCfg = Release|Any CPU
		{F7260619-87A3-4DE8-AEF2-DF1D86E9E79E}.Release|Any CPU.Build.0 = Release|Any CPU
	EndGlobalSection
	GlobalSection(SolutionProperties) = preSolution
		HideSolutionNode = FALSE
	EndGlobalSection
	GlobalSection(ExtensibilityGlobals) = postSolution
		SolutionGuid = {F6FF160A-28FE-43C4-924D-65C813360FCB}
	EndGlobalSection
EndGlobal
